
Microsoft Visual Studio Solution File, Format Version 12.00
# Visual Studio Version 16
VisualStudioVersion = 16.0.31515.178
MinimumVisualStudioVersion = 10.0.40219.1
Project("{FAE04EC0-301F-11D3-BF4B-00C04F79EFBC}") = "FlickrWebApplicationRazorPages", "FlickrWebApplicationRazorPages\FlickrWebApplicationRazorPages.csproj", "{FE8F70E5-6B53-435F-B8E7-3D0017D464BA}"
EndProject
Project("{FAE04EC0-301F-11D3-BF4B-00C04F79EFBC}") = "FlickrWebApplicationRazorPages.Tests", "FlickrWebApplicationRazorPages.Tests\FlickrWebApplicationRazorPages.Tests.csproj", "{BC004DDF-E841-4042-AE7F-B4D69AB09A3C}"
EndProject
Global
	GlobalSection(SolutionConfigurationPlatforms) = preSolution
		Debug|Any CPU = Debug|Any CPU
		Release|Any CPU = Release|Any CPU
	EndGlobalSection
	GlobalSection(ProjectConfigurationPlatforms) = postSolution
		{FE8F70E5-6B53-435F-B8E7-3D0017D464BA}.Debug|Any CPU.ActiveCfg = Debug|Any CPU
		{FE8F70E5-6B53-435F-B8E7-3D0017D464BA}.Debug|Any CPU.Build.0 = Debug|Any CPU
		{FE8F70E5-6B53-435F-B8E7-3D0017D464BA}.Release|Any CPU.ActiveCfg = Release|Any CPU
		{FE8F70E5-6B53-435F-B8E7-3D0017D464BA}.Release|Any CPU.Build.0 = Release|Any CPU
		{BC004DDF-E841-4042-AE7F-B4D69AB09A3C}.Debug|Any CPU.ActiveCfg = Debug|Any CPU
		{BC004DDF-E841-4042-AE7F-B4D69AB09A3C}.Debug|Any CPU.Build.0 = Debug|Any CPU
		{BC004DDF-E841-4042-AE7F-B4D69AB09A3C}.Release|Any CPU.ActiveCfg = Release|Any CPU
		{BC004DDF-E841-4042-AE7F-B4D69AB09A3C}.Release|Any CPU.Build.0 = Release|Any CPU
	EndGlobalSection
	GlobalSection(SolutionProperties) = preSolution
		HideSolutionNode = FALSE
	EndGlobalSection
	GlobalSection(ExtensibilityGlobals) = postSolution
		SolutionGuid = {0F3B8DCB-911B-4B66-89BE-89492987F296}
	EndGlobalSection
EndGlobal
